
Microsoft Visual Studio Solution File, Format Version 12.00
# Visual Studio 15
VisualStudioVersion = 15.0.27130.2010
MinimumVisualStudioVersion = 10.0.40219.1
Project("{FAE04EC0-301F-11D3-BF4B-00C04F79EFBC}") = "Calculator", "Calculator\Calculator.csproj", "{81750447-DFDB-41A7-8F76-42ED8C262A83}"
EndProject
Global
	GlobalSection(SolutionConfigurationPlatforms) = preSolution
		Debug|Any CPU = Debug|Any CPU
		Release|Any CPU = Release|Any CPU
	EndGlobalSection
	GlobalSection(ProjectConfigurationPlatforms) = postSolution
		{81750447-DFDB-41A7-8F76-42ED8C262A83}.Debug|Any CPU.ActiveCfg = Debug|Any CPU
		{81750447-DFDB-41A7-8F76-42ED8C262A83}.Debug|Any CPU.Build.0 = Debug|Any CPU
		{81750447-DFDB-41A7-8F76-42ED8C262A83}.Release|Any CPU.ActiveCfg = Release|Any CPU
		{81750447-DFDB-41A7-8F76-42ED8C262A83}.Release|Any CPU.Build.0 = Release|Any CPU
	EndGlobalSection
	GlobalSection(SolutionProperties) = preSolution
		HideSolutionNode = FALSE
	EndGlobalSection
	GlobalSection(ExtensibilityGlobals) = postSolution
		SolutionGuid = {E777842F-7FCC-4D96-BAF9-6566388A0E57}
	EndGlobalSection
EndGlobal
